
Microsoft Visual Studio Solution File, Format Version 12.00
# Visual Studio Version 17
VisualStudioVersion = 17.0.31903.59
MinimumVisualStudioVersion = 10.0.40219.1
Project("{FAE04EC0-301F-11D3-BF4B-00C04F79EFBC}") = "UserWebAPI", "UserWebAPI\UserWebAPI.csproj", "{B00AE852-921E-49D1-9B01-11EE9FAEC083}"
EndProject
Global
	GlobalSection(SolutionConfigurationPlatforms) = preSolution
		Debug|Any CPU = Debug|Any CPU
		Release|Any CPU = Release|Any CPU
	EndGlobalSection
	GlobalSection(ProjectConfigurationPlatforms) = postSolution
		{B00AE852-921E-49D1-9B01-11EE9FAEC083}.Debug|Any CPU.ActiveCfg = Debug|Any CPU
		{B00AE852-921E-49D1-9B01-11EE9FAEC083}.Debug|Any CPU.Build.0 = Debug|Any CPU
		{B00AE852-921E-49D1-9B01-11EE9FAEC083}.Release|Any CPU.ActiveCfg = Release|Any CPU
		{B00AE852-921E-49D1-9B01-11EE9FAEC083}.Release|Any CPU.Build.0 = Release|Any CPU
	EndGlobalSection
	GlobalSection(SolutionProperties) = preSolution
		HideSolutionNode = FALSE
	EndGlobalSection
	GlobalSection(ExtensibilityGlobals) = postSolution
		SolutionGuid = {1C3161A2-EA86-440B-9ED8-4B4C56A91283}
	EndGlobalSection
EndGlobal
